
Microsoft Visual Studio Solution File, Format Version 12.00
# Visual Studio Version 17
VisualStudioVersion = 17.14.36127.28 d17.14
MinimumVisualStudioVersion = 10.0.40219.1
Project("{FAE04EC0-301F-11D3-BF4B-00C04F79EFBC}") = "Lab1", "Lab1.csproj", "{5C9D4075-9E98-4592-A4C5-EBB28DD10ABB}"
EndProject
Project("{FAE04EC0-301F-11D3-BF4B-00C04F79EFBC}") = "Lab2", "..\Lab2\Lab2.csproj", "{49B899A7-2EE3-42B3-9D46-1DC0566E06E1}"
EndProject
Global
	GlobalSection(SolutionConfigurationPlatforms) = preSolution
		Debug|Any CPU = Debug|Any CPU
		Release|Any CPU = Release|Any CPU
	EndGlobalSection
	GlobalSection(ProjectConfigurationPlatforms) = postSolution
		{5C9D4075-9E98-4592-A4C5-EBB28DD10ABB}.Debug|Any CPU.ActiveCfg = Debug|Any CPU
		{5C9D4075-9E98-4592-A4C5-EBB28DD10ABB}.Debug|Any CPU.Build.0 = Debug|Any CPU
		{5C9D4075-9E98-4592-A4C5-EBB28DD10ABB}.Release|Any CPU.ActiveCfg = Release|Any CPU
		{5C9D4075-9E98-4592-A4C5-EBB28DD10ABB}.Release|Any CPU.Build.0 = Release|Any CPU
		{49B899A7-2EE3-42B3-9D46-1DC0566E06E1}.Debug|Any CPU.ActiveCfg = Debug|Any CPU
		{49B899A7-2EE3-42B3-9D46-1DC0566E06E1}.Debug|Any CPU.Build.0 = Debug|Any CPU
		{49B899A7-2EE3-42B3-9D46-1DC0566E06E1}.Release|Any CPU.ActiveCfg = Release|Any CPU
		{49B899A7-2EE3-42B3-9D46-1DC0566E06E1}.Release|Any CPU.Build.0 = Release|Any CPU
	EndGlobalSection
	GlobalSection(SolutionProperties) = preSolution
		HideSolutionNode = FALSE
	EndGlobalSection
	GlobalSection(ExtensibilityGlobals) = postSolution
		SolutionGuid = {6B965278-5535-488E-B93F-FEA37B4EBADB}
	EndGlobalSection
EndGlobal
