
Microsoft Visual Studio Solution File, Format Version 12.00
# Visual Studio Version 17
VisualStudioVersion = 17.14.36127.28 d17.14
MinimumVisualStudioVersion = 10.0.40219.1
Project("{FAE04EC0-301F-11D3-BF4B-00C04F79EFBC}") = "TestScores", "TestScores.csproj", "{3E182A3F-A7E7-4335-962C-E86CF69D1543}"
EndProject
Global
	GlobalSection(SolutionConfigurationPlatforms) = preSolution
		Debug|Any CPU = Debug|Any CPU
		Release|Any CPU = Release|Any CPU
	EndGlobalSection
	GlobalSection(ProjectConfigurationPlatforms) = postSolution
		{3E182A3F-A7E7-4335-962C-E86CF69D1543}.Debug|Any CPU.ActiveCfg = Debug|Any CPU
		{3E182A3F-A7E7-4335-962C-E86CF69D1543}.Debug|Any CPU.Build.0 = Debug|Any CPU
		{3E182A3F-A7E7-4335-962C-E86CF69D1543}.Release|Any CPU.ActiveCfg = Release|Any CPU
		{3E182A3F-A7E7-4335-962C-E86CF69D1543}.Release|Any CPU.Build.0 = Release|Any CPU
	EndGlobalSection
	GlobalSection(SolutionProperties) = preSolution
		HideSolutionNode = FALSE
	EndGlobalSection
	GlobalSection(ExtensibilityGlobals) = postSolution
		SolutionGuid = {541BC52C-73DE-444D-A898-07869F7D962A}
	EndGlobalSection
EndGlobal
