
Microsoft Visual Studio Solution File, Format Version 12.00
# Visual Studio Version 17
VisualStudioVersion = 17.14.36127.28 d17.14
MinimumVisualStudioVersion = 10.0.40219.1
Project("{FAE04EC0-301F-11D3-BF4B-00C04F79EFBC}") = "Lab 1", "Lab 1.csproj", "{7F44C436-597E-461D-ACF7-E5D82C201FD0}"
EndProject
Global
	GlobalSection(SolutionConfigurationPlatforms) = preSolution
		Debug|Any CPU = Debug|Any CPU
		Release|Any CPU = Release|Any CPU
	EndGlobalSection
	GlobalSection(ProjectConfigurationPlatforms) = postSolution
		{7F44C436-597E-461D-ACF7-E5D82C201FD0}.Debug|Any CPU.ActiveCfg = Debug|Any CPU
		{7F44C436-597E-461D-ACF7-E5D82C201FD0}.Debug|Any CPU.Build.0 = Debug|Any CPU
		{7F44C436-597E-461D-ACF7-E5D82C201FD0}.Release|Any CPU.ActiveCfg = Release|Any CPU
		{7F44C436-597E-461D-ACF7-E5D82C201FD0}.Release|Any CPU.Build.0 = Release|Any CPU
	EndGlobalSection
	GlobalSection(SolutionProperties) = preSolution
		HideSolutionNode = FALSE
	EndGlobalSection
	GlobalSection(ExtensibilityGlobals) = postSolution
		SolutionGuid = {83353BF1-8490-4979-A06C-B3FEA1726AF2}
	EndGlobalSection
EndGlobal
