
Microsoft Visual Studio Solution File, Format Version 12.00
# Visual Studio Version 17
VisualStudioVersion = 17.14.36127.28 d17.14
MinimumVisualStudioVersion = 10.0.40219.1
Project("{FAE04EC0-301F-11D3-BF4B-00C04F79EFBC}") = "EX1", "EX1.csproj", "{0C5AB0CD-8273-4B52-BF9E-D17EC94A4F7E}"
EndProject
Global
	GlobalSection(SolutionConfigurationPlatforms) = preSolution
		Debug|Any CPU = Debug|Any CPU
		Release|Any CPU = Release|Any CPU
	EndGlobalSection
	GlobalSection(ProjectConfigurationPlatforms) = postSolution
		{0C5AB0CD-8273-4B52-BF9E-D17EC94A4F7E}.Debug|Any CPU.ActiveCfg = Debug|Any CPU
		{0C5AB0CD-8273-4B52-BF9E-D17EC94A4F7E}.Debug|Any CPU.Build.0 = Debug|Any CPU
		{0C5AB0CD-8273-4B52-BF9E-D17EC94A4F7E}.Release|Any CPU.ActiveCfg = Release|Any CPU
		{0C5AB0CD-8273-4B52-BF9E-D17EC94A4F7E}.Release|Any CPU.Build.0 = Release|Any CPU
	EndGlobalSection
	GlobalSection(SolutionProperties) = preSolution
		HideSolutionNode = FALSE
	EndGlobalSection
	GlobalSection(ExtensibilityGlobals) = postSolution
		SolutionGuid = {29E22C01-64AB-47B2-8366-A71DA4118199}
	EndGlobalSection
EndGlobal
