
Microsoft Visual Studio Solution File, Format Version 12.00
# Visual Studio Version 17
VisualStudioVersion = 17.14.36127.28 d17.14
MinimumVisualStudioVersion = 10.0.40219.1
Project("{FAE04EC0-301F-11D3-BF4B-00C04F79EFBC}") = "Lab2", "Lab2.csproj", "{287BC785-138A-4749-8130-ADDB1C03AB4C}"
EndProject
Project("{FAE04EC0-301F-11D3-BF4B-00C04F79EFBC}") = "Lab3", "..\Lab3\Lab3.csproj", "{EA7989B4-9BE4-4027-A8BF-9C31519181AF}"
EndProject
Project("{FAE04EC0-301F-11D3-BF4B-00C04F79EFBC}") = "Lab4", "..\Lab4\Lab4.csproj", "{293FEC77-4CD8-41D2-80ED-16C6C515F410}"
EndProject
Global
	GlobalSection(SolutionConfigurationPlatforms) = preSolution
		Debug|Any CPU = Debug|Any CPU
		Release|Any CPU = Release|Any CPU
	EndGlobalSection
	GlobalSection(ProjectConfigurationPlatforms) = postSolution
		{287BC785-138A-4749-8130-ADDB1C03AB4C}.Debug|Any CPU.ActiveCfg = Debug|Any CPU
		{287BC785-138A-4749-8130-ADDB1C03AB4C}.Debug|Any CPU.Build.0 = Debug|Any CPU
		{287BC785-138A-4749-8130-ADDB1C03AB4C}.Release|Any CPU.ActiveCfg = Release|Any CPU
		{287BC785-138A-4749-8130-ADDB1C03AB4C}.Release|Any CPU.Build.0 = Release|Any CPU
		{EA7989B4-9BE4-4027-A8BF-9C31519181AF}.Debug|Any CPU.ActiveCfg = Debug|Any CPU
		{EA7989B4-9BE4-4027-A8BF-9C31519181AF}.Debug|Any CPU.Build.0 = Debug|Any CPU
		{EA7989B4-9BE4-4027-A8BF-9C31519181AF}.Release|Any CPU.ActiveCfg = Release|Any CPU
		{EA7989B4-9BE4-4027-A8BF-9C31519181AF}.Release|Any CPU.Build.0 = Release|Any CPU
		{293FEC77-4CD8-41D2-80ED-16C6C515F410}.Debug|Any CPU.ActiveCfg = Debug|Any CPU
		{293FEC77-4CD8-41D2-80ED-16C6C515F410}.Debug|Any CPU.Build.0 = Debug|Any CPU
		{293FEC77-4CD8-41D2-80ED-16C6C515F410}.Release|Any CPU.ActiveCfg = Release|Any CPU
		{293FEC77-4CD8-41D2-80ED-16C6C515F410}.Release|Any CPU.Build.0 = Release|Any CPU
	EndGlobalSection
	GlobalSection(SolutionProperties) = preSolution
		HideSolutionNode = FALSE
	EndGlobalSection
	GlobalSection(ExtensibilityGlobals) = postSolution
		SolutionGuid = {DD7291A3-2902-4977-9307-C9E5E1BA549A}
	EndGlobalSection
EndGlobal
